
Microsoft Visual Studio Solution File, Format Version 12.00
# Visual Studio 15
Project("{FAE04EC0-301F-11D3-BF4B-00C04F79EFBC}") = "UItest", "UItest.csproj", "{9B844D78-1459-0EA8-4466-F13C7F12334C}"
EndProject
Project("{FAE04EC0-301F-11D3-BF4B-00C04F79EFBC}") = "UItest.Editor", "UItest.Editor.csproj", "{C3700F3E-EAF8-AB73-48B0-58B082F39C93}"
EndProject
Global
	GlobalSection(SolutionConfigurationPlatforms) = preSolution
		Debug|Any CPU = Debug|Any CPU
		Release|Any CPU = Release|Any CPU
	EndGlobalSection
	GlobalSection(ProjectConfigurationPlatforms) = postSolution
		{9B844D78-1459-0EA8-4466-F13C7F12334C}.Debug|Any CPU.ActiveCfg = Debug|Any CPU
		{9B844D78-1459-0EA8-4466-F13C7F12334C}.Debug|Any CPU.Build.0 = Debug|Any CPU
		{9B844D78-1459-0EA8-4466-F13C7F12334C}.Release|Any CPU.ActiveCfg = Release|Any CPU
		{9B844D78-1459-0EA8-4466-F13C7F12334C}.Release|Any CPU.Build.0 = Release|Any CPU
		{C3700F3E-EAF8-AB73-48B0-58B082F39C93}.Debug|Any CPU.ActiveCfg = Debug|Any CPU
		{C3700F3E-EAF8-AB73-48B0-58B082F39C93}.Debug|Any CPU.Build.0 = Debug|Any CPU
		{C3700F3E-EAF8-AB73-48B0-58B082F39C93}.Release|Any CPU.ActiveCfg = Release|Any CPU
		{C3700F3E-EAF8-AB73-48B0-58B082F39C93}.Release|Any CPU.Build.0 = Release|Any CPU
	EndGlobalSection
	GlobalSection(SolutionProperties) = preSolution
		HideSolutionNode = FALSE
	EndGlobalSection
EndGlobal
