
Microsoft Visual Studio Solution File, Format Version 11.00
# Visual Studio 2010
Project("{FAE04EC0-301F-11D3-BF4B-00C04F79EFBC}") = "Assembly-CSharp", "Assembly-CSharp.csproj", "{CF8DCE70-11C3-9E5F-B73E-DB13FAAF8360}"
EndProject
Project("{FAE04EC0-301F-11D3-BF4B-00C04F79EFBC}") = "Assembly-CSharp-Editor", "Assembly-CSharp-Editor.csproj", "{939B1821-5840-5F98-A631-AC2BDE6F1117}"
EndProject
Global
	GlobalSection(SolutionConfigurationPlatforms) = preSolution
		Debug|Any CPU = Debug|Any CPU
		Release|Any CPU = Release|Any CPU
	EndGlobalSection
	GlobalSection(ProjectConfigurationPlatforms) = postSolution
		{CF8DCE70-11C3-9E5F-B73E-DB13FAAF8360}.Debug|Any CPU.ActiveCfg = Debug|Any CPU
		{CF8DCE70-11C3-9E5F-B73E-DB13FAAF8360}.Debug|Any CPU.Build.0 = Debug|Any CPU
		{CF8DCE70-11C3-9E5F-B73E-DB13FAAF8360}.Release|Any CPU.ActiveCfg = Release|Any CPU
		{CF8DCE70-11C3-9E5F-B73E-DB13FAAF8360}.Release|Any CPU.Build.0 = Release|Any CPU
		{939B1821-5840-5F98-A631-AC2BDE6F1117}.Debug|Any CPU.ActiveCfg = Debug|Any CPU
		{939B1821-5840-5F98-A631-AC2BDE6F1117}.Debug|Any CPU.Build.0 = Debug|Any CPU
		{939B1821-5840-5F98-A631-AC2BDE6F1117}.Release|Any CPU.ActiveCfg = Release|Any CPU
		{939B1821-5840-5F98-A631-AC2BDE6F1117}.Release|Any CPU.Build.0 = Release|Any CPU
	EndGlobalSection
	GlobalSection(SolutionProperties) = preSolution
		HideSolutionNode = FALSE
	EndGlobalSection
	GlobalSection(MonoDevelopProperties) = preSolution
		StartupItem = Assembly-CSharp.csproj
	EndGlobalSection
EndGlobal
